
Microsoft Visual Studio Solution File, Format Version 12.00
Project("{FAE04EC0-301F-11D3-BF4B-00C04F79EFBC}") = "CoversongsAspnetMvc", "CoversongsAspnetMvc.csproj", "{ACE6F94A-ED9A-484F-943B-102FBEB5B82D}"
EndProject
Global
	GlobalSection(SolutionConfigurationPlatforms) = preSolution
		Debug|Any CPU = Debug|Any CPU
		Release|Any CPU = Release|Any CPU
	EndGlobalSection
	GlobalSection(ProjectConfigurationPlatforms) = postSolution
		{ACE6F94A-ED9A-484F-943B-102FBEB5B82D}.Debug|Any CPU.ActiveCfg = Debug|Any CPU
		{ACE6F94A-ED9A-484F-943B-102FBEB5B82D}.Debug|Any CPU.Build.0 = Debug|Any CPU
		{ACE6F94A-ED9A-484F-943B-102FBEB5B82D}.Release|Any CPU.ActiveCfg = Release|Any CPU
		{ACE6F94A-ED9A-484F-943B-102FBEB5B82D}.Release|Any CPU.Build.0 = Release|Any CPU
	EndGlobalSection
EndGlobal
